
Microsoft Visual Studio Solution File, Format Version 12.00
# Visual Studio Version 17
VisualStudioVersion = 17.5.002.0
MinimumVisualStudioVersion = 10.0.40219.1
Project("{9A19103F-16F7-4668-BE54-9A1E7A4F7556}") = "lab1", "lab1.csproj", "{2267C867-F06B-4270-BE35-7D1DE969E284}"
EndProject
Global
	GlobalSection(SolutionConfigurationPlatforms) = preSolution
		Debug|Any CPU = Debug|Any CPU
		Release|Any CPU = Release|Any CPU
	EndGlobalSection
	GlobalSection(ProjectConfigurationPlatforms) = postSolution
		{2267C867-F06B-4270-BE35-7D1DE969E284}.Debug|Any CPU.ActiveCfg = Debug|Any CPU
		{2267C867-F06B-4270-BE35-7D1DE969E284}.Debug|Any CPU.Build.0 = Debug|Any CPU
		{2267C867-F06B-4270-BE35-7D1DE969E284}.Release|Any CPU.ActiveCfg = Release|Any CPU
		{2267C867-F06B-4270-BE35-7D1DE969E284}.Release|Any CPU.Build.0 = Release|Any CPU
	EndGlobalSection
	GlobalSection(SolutionProperties) = preSolution
		HideSolutionNode = FALSE
	EndGlobalSection
	GlobalSection(ExtensibilityGlobals) = postSolution
		SolutionGuid = {43A9F20C-6BA0-4F41-8FFB-F068F0889C8F}
	EndGlobalSection
EndGlobal
